
Microsoft Visual Studio Solution File, Format Version 12.00
# Visual Studio Version 17
VisualStudioVersion = 17.1.32319.34
MinimumVisualStudioVersion = 10.0.40219.1
Project("{FAE04EC0-301F-11D3-BF4B-00C04F79EFBC}") = "MovieRating", "MovieRating\MovieRating.csproj", "{DAD61146-62EE-40A8-9A33-EF772412FD3D}"
EndProject
Project("{FAE04EC0-301F-11D3-BF4B-00C04F79EFBC}") = "DAL", "DAL\DAL.csproj", "{4875EE93-B34D-4780-A3BC-C8304CDC443D}"
EndProject
Global
	GlobalSection(SolutionConfigurationPlatforms) = preSolution
		Debug|Any CPU = Debug|Any CPU
		Release|Any CPU = Release|Any CPU
	EndGlobalSection
	GlobalSection(ProjectConfigurationPlatforms) = postSolution
		{DAD61146-62EE-40A8-9A33-EF772412FD3D}.Debug|Any CPU.ActiveCfg = Debug|Any CPU
		{DAD61146-62EE-40A8-9A33-EF772412FD3D}.Debug|Any CPU.Build.0 = Debug|Any CPU
		{DAD61146-62EE-40A8-9A33-EF772412FD3D}.Release|Any CPU.ActiveCfg = Release|Any CPU
		{DAD61146-62EE-40A8-9A33-EF772412FD3D}.Release|Any CPU.Build.0 = Release|Any CPU
		{4875EE93-B34D-4780-A3BC-C8304CDC443D}.Debug|Any CPU.ActiveCfg = Debug|Any CPU
		{4875EE93-B34D-4780-A3BC-C8304CDC443D}.Debug|Any CPU.Build.0 = Debug|Any CPU
		{4875EE93-B34D-4780-A3BC-C8304CDC443D}.Release|Any CPU.ActiveCfg = Release|Any CPU
		{4875EE93-B34D-4780-A3BC-C8304CDC443D}.Release|Any CPU.Build.0 = Release|Any CPU
	EndGlobalSection
	GlobalSection(SolutionProperties) = preSolution
		HideSolutionNode = FALSE
	EndGlobalSection
	GlobalSection(ExtensibilityGlobals) = postSolution
		SolutionGuid = {864B4F1E-616D-419C-8886-E334E03C9734}
	EndGlobalSection
EndGlobal
